
Microsoft Visual Studio Solution File, Format Version 12.00
# Visual Studio Version 16
VisualStudioVersion = 16.0.29709.97
MinimumVisualStudioVersion = 15.0.26124.0
Project("{2150E333-8FDC-42A3-9474-1A3956D46DE8}") = "tests", "tests", "{9C28FC6D-221B-45F5-AA14-CBEC40F7DA67}"
EndProject
Project("{9A19103F-16F7-4668-BE54-9A1E7A4F7556}") = "Dasa.Api.Test", "tests\Dasa.Api.Test\Dasa.Api.Test.csproj", "{55FB225B-347B-4AF6-B92F-C5F27EA27C61}"
EndProject
Project("{9A19103F-16F7-4668-BE54-9A1E7A4F7556}") = "Dasa.catalogo.Test", "tests\Dasa.catalogo.Test\Dasa.catalogo.Test.csproj", "{40AAEE35-3D23-4D27-A138-5A3D29403CA0}"
EndProject
Project("{9A19103F-16F7-4668-BE54-9A1E7A4F7556}") = "Dasa.webscrap.Test", "tests\Dasa.webscrap.Test\Dasa.webscrap.Test.csproj", "{839DA67D-BD6D-4DEC-9D5F-3091F373AD1B}"
EndProject
Project("{2150E333-8FDC-42A3-9474-1A3956D46DE8}") = "src", "src", "{D2AAA5B3-53C1-4E1A-BFE3-5BE753B00EBC}"
EndProject
Project("{9A19103F-16F7-4668-BE54-9A1E7A4F7556}") = "api", "src\api\api.csproj", "{AB6A2177-E52C-46D4-8764-B8415ED2A332}"
EndProject
Project("{9A19103F-16F7-4668-BE54-9A1E7A4F7556}") = "catalogo", "src\catalogo\catalogo.csproj", "{4854DFEE-971A-421D-939B-007A3B652E39}"
EndProject
Project("{9A19103F-16F7-4668-BE54-9A1E7A4F7556}") = "crosscutting.ioc", "src\crosscutting.ioc\crosscutting.ioc.csproj", "{D772C3C1-E5EE-45A5-8906-F6DF4D19CC8D}"
EndProject
Project("{9A19103F-16F7-4668-BE54-9A1E7A4F7556}") = "data", "src\data\data.csproj", "{A3303D89-759F-4DB9-9781-80AA652E995B}"
EndProject
Project("{9A19103F-16F7-4668-BE54-9A1E7A4F7556}") = "webscrap", "src\webscrap\webscrap.csproj", "{006B181E-FA7E-435A-A90C-52C79C1A4EB3}"
EndProject
Global
	GlobalSection(SolutionConfigurationPlatforms) = preSolution
		Debug|Any CPU = Debug|Any CPU
		Debug|x64 = Debug|x64
		Debug|x86 = Debug|x86
		Release|Any CPU = Release|Any CPU
		Release|x64 = Release|x64
		Release|x86 = Release|x86
	EndGlobalSection
	GlobalSection(ProjectConfigurationPlatforms) = postSolution
		{55FB225B-347B-4AF6-B92F-C5F27EA27C61}.Debug|Any CPU.ActiveCfg = Debug|Any CPU
		{55FB225B-347B-4AF6-B92F-C5F27EA27C61}.Debug|Any CPU.Build.0 = Debug|Any CPU
		{55FB225B-347B-4AF6-B92F-C5F27EA27C61}.Debug|x64.ActiveCfg = Debug|Any CPU
		{55FB225B-347B-4AF6-B92F-C5F27EA27C61}.Debug|x64.Build.0 = Debug|Any CPU
		{55FB225B-347B-4AF6-B92F-C5F27EA27C61}.Debug|x86.ActiveCfg = Debug|Any CPU
		{55FB225B-347B-4AF6-B92F-C5F27EA27C61}.Debug|x86.Build.0 = Debug|Any CPU
		{55FB225B-347B-4AF6-B92F-C5F27EA27C61}.Release|Any CPU.ActiveCfg = Release|Any CPU
		{55FB225B-347B-4AF6-B92F-C5F27EA27C61}.Release|Any CPU.Build.0 = Release|Any CPU
		{55FB225B-347B-4AF6-B92F-C5F27EA27C61}.Release|x64.ActiveCfg = Release|Any CPU
		{55FB225B-347B-4AF6-B92F-C5F27EA27C61}.Release|x64.Build.0 = Release|Any CPU
		{55FB225B-347B-4AF6-B92F-C5F27EA27C61}.Release|x86.ActiveCfg = Release|Any CPU
		{55FB225B-347B-4AF6-B92F-C5F27EA27C61}.Release|x86.Build.0 = Release|Any CPU
		{40AAEE35-3D23-4D27-A138-5A3D29403CA0}.Debug|Any CPU.ActiveCfg = Debug|Any CPU
		{40AAEE35-3D23-4D27-A138-5A3D29403CA0}.Debug|Any CPU.Build.0 = Debug|Any CPU
		{40AAEE35-3D23-4D27-A138-5A3D29403CA0}.Debug|x64.ActiveCfg = Debug|Any CPU
		{40AAEE35-3D23-4D27-A138-5A3D29403CA0}.Debug|x64.Build.0 = Debug|Any CPU
		{40AAEE35-3D23-4D27-A138-5A3D29403CA0}.Debug|x86.ActiveCfg = Debug|Any CPU
		{40AAEE35-3D23-4D27-A138-5A3D29403CA0}.Debug|x86.Build.0 = Debug|Any CPU
		{40AAEE35-3D23-4D27-A138-5A3D29403CA0}.Release|Any CPU.ActiveCfg = Release|Any CPU
		{40AAEE35-3D23-4D27-A138-5A3D29403CA0}.Release|Any CPU.Build.0 = Release|Any CPU
		{40AAEE35-3D23-4D27-A138-5A3D29403CA0}.Release|x64.ActiveCfg = Release|Any CPU
		{40AAEE35-3D23-4D27-A138-5A3D29403CA0}.Release|x64.Build.0 = Release|Any CPU
		{40AAEE35-3D23-4D27-A138-5A3D29403CA0}.Release|x86.ActiveCfg = Release|Any CPU
		{40AAEE35-3D23-4D27-A138-5A3D29403CA0}.Release|x86.Build.0 = Release|Any CPU
		{839DA67D-BD6D-4DEC-9D5F-3091F373AD1B}.Debug|Any CPU.ActiveCfg = Debug|Any CPU
		{839DA67D-BD6D-4DEC-9D5F-3091F373AD1B}.Debug|Any CPU.Build.0 = Debug|Any CPU
		{839DA67D-BD6D-4DEC-9D5F-3091F373AD1B}.Debug|x64.ActiveCfg = Debug|Any CPU
		{839DA67D-BD6D-4DEC-9D5F-3091F373AD1B}.Debug|x64.Build.0 = Debug|Any CPU
		{839DA67D-BD6D-4DEC-9D5F-3091F373AD1B}.Debug|x86.ActiveCfg = Debug|Any CPU
		{839DA67D-BD6D-4DEC-9D5F-3091F373AD1B}.Debug|x86.Build.0 = Debug|Any CPU
		{839DA67D-BD6D-4DEC-9D5F-3091F373AD1B}.Release|Any CPU.ActiveCfg = Release|Any CPU
		{839DA67D-BD6D-4DEC-9D5F-3091F373AD1B}.Release|Any CPU.Build.0 = Release|Any CPU
		{839DA67D-BD6D-4DEC-9D5F-3091F373AD1B}.Release|x64.ActiveCfg = Release|Any CPU
		{839DA67D-BD6D-4DEC-9D5F-3091F373AD1B}.Release|x64.Build.0 = Release|Any CPU
		{839DA67D-BD6D-4DEC-9D5F-3091F373AD1B}.Release|x86.ActiveCfg = Release|Any CPU
		{839DA67D-BD6D-4DEC-9D5F-3091F373AD1B}.Release|x86.Build.0 = Release|Any CPU
		{AB6A2177-E52C-46D4-8764-B8415ED2A332}.Debug|Any CPU.ActiveCfg = Debug|Any CPU
		{AB6A2177-E52C-46D4-8764-B8415ED2A332}.Debug|Any CPU.Build.0 = Debug|Any CPU
		{AB6A2177-E52C-46D4-8764-B8415ED2A332}.Debug|x64.ActiveCfg = Debug|Any CPU
		{AB6A2177-E52C-46D4-8764-B8415ED2A332}.Debug|x64.Build.0 = Debug|Any CPU
		{AB6A2177-E52C-46D4-8764-B8415ED2A332}.Debug|x86.ActiveCfg = Debug|Any CPU
		{AB6A2177-E52C-46D4-8764-B8415ED2A332}.Debug|x86.Build.0 = Debug|Any CPU
		{AB6A2177-E52C-46D4-8764-B8415ED2A332}.Release|Any CPU.ActiveCfg = Release|Any CPU
		{AB6A2177-E52C-46D4-8764-B8415ED2A332}.Release|Any CPU.Build.0 = Release|Any CPU
		{AB6A2177-E52C-46D4-8764-B8415ED2A332}.Release|x64.ActiveCfg = Release|Any CPU
		{AB6A2177-E52C-46D4-8764-B8415ED2A332}.Release|x64.Build.0 = Release|Any CPU
		{AB6A2177-E52C-46D4-8764-B8415ED2A332}.Release|x86.ActiveCfg = Release|Any CPU
		{AB6A2177-E52C-46D4-8764-B8415ED2A332}.Release|x86.Build.0 = Release|Any CPU
		{4854DFEE-971A-421D-939B-007A3B652E39}.Debug|Any CPU.ActiveCfg = Debug|Any CPU
		{4854DFEE-971A-421D-939B-007A3B652E39}.Debug|Any CPU.Build.0 = Debug|Any CPU
		{4854DFEE-971A-421D-939B-007A3B652E39}.Debug|x64.ActiveCfg = Debug|Any CPU
		{4854DFEE-971A-421D-939B-007A3B652E39}.Debug|x64.Build.0 = Debug|Any CPU
		{4854DFEE-971A-421D-939B-007A3B652E39}.Debug|x86.ActiveCfg = Debug|Any CPU
		{4854DFEE-971A-421D-939B-007A3B652E39}.Debug|x86.Build.0 = Debug|Any CPU
		{4854DFEE-971A-421D-939B-007A3B652E39}.Release|Any CPU.ActiveCfg = Release|Any CPU
		{4854DFEE-971A-421D-939B-007A3B652E39}.Release|Any CPU.Build.0 = Release|Any CPU
		{4854DFEE-971A-421D-939B-007A3B652E39}.Release|x64.ActiveCfg = Release|Any CPU
		{4854DFEE-971A-421D-939B-007A3B652E39}.Release|x64.Build.0 = Release|Any CPU
		{4854DFEE-971A-421D-939B-007A3B652E39}.Release|x86.ActiveCfg = Release|Any CPU
		{4854DFEE-971A-421D-939B-007A3B652E39}.Release|x86.Build.0 = Release|Any CPU
		{D772C3C1-E5EE-45A5-8906-F6DF4D19CC8D}.Debug|Any CPU.ActiveCfg = Debug|Any CPU
		{D772C3C1-E5EE-45A5-8906-F6DF4D19CC8D}.Debug|Any CPU.Build.0 = Debug|Any CPU
		{D772C3C1-E5EE-45A5-8906-F6DF4D19CC8D}.Debug|x64.ActiveCfg = Debug|Any CPU
		{D772C3C1-E5EE-45A5-8906-F6DF4D19CC8D}.Debug|x64.Build.0 = Debug|Any CPU
		{D772C3C1-E5EE-45A5-8906-F6DF4D19CC8D}.Debug|x86.ActiveCfg = Debug|Any CPU
		{D772C3C1-E5EE-45A5-8906-F6DF4D19CC8D}.Debug|x86.Build.0 = Debug|Any CPU
		{D772C3C1-E5EE-45A5-8906-F6DF4D19CC8D}.Release|Any CPU.ActiveCfg = Release|Any CPU
		{D772C3C1-E5EE-45A5-8906-F6DF4D19CC8D}.Release|Any CPU.Build.0 = Release|Any CPU
		{D772C3C1-E5EE-45A5-8906-F6DF4D19CC8D}.Release|x64.ActiveCfg = Release|Any CPU
		{D772C3C1-E5EE-45A5-8906-F6DF4D19CC8D}.Release|x64.Build.0 = Release|Any CPU
		{D772C3C1-E5EE-45A5-8906-F6DF4D19CC8D}.Release|x86.ActiveCfg = Release|Any CPU
		{D772C3C1-E5EE-45A5-8906-F6DF4D19CC8D}.Release|x86.Build.0 = Release|Any CPU
		{A3303D89-759F-4DB9-9781-80AA652E995B}.Debug|Any CPU.ActiveCfg = Debug|Any CPU
		{A3303D89-759F-4DB9-9781-80AA652E995B}.Debug|Any CPU.Build.0 = Debug|Any CPU
		{A3303D89-759F-4DB9-9781-80AA652E995B}.Debug|x64.ActiveCfg = Debug|Any CPU
		{A3303D89-759F-4DB9-9781-80AA652E995B}.Debug|x64.Build.0 = Debug|Any CPU
		{A3303D89-759F-4DB9-9781-80AA652E995B}.Debug|x86.ActiveCfg = Debug|Any CPU
		{A3303D89-759F-4DB9-9781-80AA652E995B}.Debug|x86.Build.0 = Debug|Any CPU
		{A3303D89-759F-4DB9-9781-80AA652E995B}.Release|Any CPU.ActiveCfg = Release|Any CPU
		{A3303D89-759F-4DB9-9781-80AA652E995B}.Release|Any CPU.Build.0 = Release|Any CPU
		{A3303D89-759F-4DB9-9781-80AA652E995B}.Release|x64.ActiveCfg = Release|Any CPU
		{A3303D89-759F-4DB9-9781-80AA652E995B}.Release|x64.Build.0 = Release|Any CPU
		{A3303D89-759F-4DB9-9781-80AA652E995B}.Release|x86.ActiveCfg = Release|Any CPU
		{A3303D89-759F-4DB9-9781-80AA652E995B}.Release|x86.Build.0 = Release|Any CPU
		{006B181E-FA7E-435A-A90C-52C79C1A4EB3}.Debug|Any CPU.ActiveCfg = Debug|Any CPU
		{006B181E-FA7E-435A-A90C-52C79C1A4EB3}.Debug|Any CPU.Build.0 = Debug|Any CPU
		{006B181E-FA7E-435A-A90C-52C79C1A4EB3}.Debug|x64.ActiveCfg = Debug|Any CPU
		{006B181E-FA7E-435A-A90C-52C79C1A4EB3}.Debug|x64.Build.0 = Debug|Any CPU
		{006B181E-FA7E-435A-A90C-52C79C1A4EB3}.Debug|x86.ActiveCfg = Debug|Any CPU
		{006B181E-FA7E-435A-A90C-52C79C1A4EB3}.Debug|x86.Build.0 = Debug|Any CPU
		{006B181E-FA7E-435A-A90C-52C79C1A4EB3}.Release|Any CPU.ActiveCfg = Release|Any CPU
		{006B181E-FA7E-435A-A90C-52C79C1A4EB3}.Release|Any CPU.Build.0 = Release|Any CPU
		{006B181E-FA7E-435A-A90C-52C79C1A4EB3}.Release|x64.ActiveCfg = Release|Any CPU
		{006B181E-FA7E-435A-A90C-52C79C1A4EB3}.Release|x64.Build.0 = Release|Any CPU
		{006B181E-FA7E-435A-A90C-52C79C1A4EB3}.Release|x86.ActiveCfg = Release|Any CPU
		{006B181E-FA7E-435A-A90C-52C79C1A4EB3}.Release|x86.Build.0 = Release|Any CPU
	EndGlobalSection
	GlobalSection(SolutionProperties) = preSolution
		HideSolutionNode = FALSE
	EndGlobalSection
	GlobalSection(NestedProjects) = preSolution
		{55FB225B-347B-4AF6-B92F-C5F27EA27C61} = {9C28FC6D-221B-45F5-AA14-CBEC40F7DA67}
		{40AAEE35-3D23-4D27-A138-5A3D29403CA0} = {9C28FC6D-221B-45F5-AA14-CBEC40F7DA67}
		{839DA67D-BD6D-4DEC-9D5F-3091F373AD1B} = {9C28FC6D-221B-45F5-AA14-CBEC40F7DA67}
		{AB6A2177-E52C-46D4-8764-B8415ED2A332} = {D2AAA5B3-53C1-4E1A-BFE3-5BE753B00EBC}
		{4854DFEE-971A-421D-939B-007A3B652E39} = {D2AAA5B3-53C1-4E1A-BFE3-5BE753B00EBC}
		{D772C3C1-E5EE-45A5-8906-F6DF4D19CC8D} = {D2AAA5B3-53C1-4E1A-BFE3-5BE753B00EBC}
		{A3303D89-759F-4DB9-9781-80AA652E995B} = {D2AAA5B3-53C1-4E1A-BFE3-5BE753B00EBC}
		{006B181E-FA7E-435A-A90C-52C79C1A4EB3} = {D2AAA5B3-53C1-4E1A-BFE3-5BE753B00EBC}
	EndGlobalSection
	GlobalSection(ExtensibilityGlobals) = postSolution
		SolutionGuid = {295F859E-0113-4CCB-9A42-F56A172202E5}
	EndGlobalSection
EndGlobal
