
Microsoft Visual Studio Solution File, Format Version 12.00
# Visual Studio 15
VisualStudioVersion = 15.0.26124.0
MinimumVisualStudioVersion = 15.0.26124.0
Project("{FAE04EC0-301F-11D3-BF4B-00C04F79EFBC}") = "Dasa.Api.Test", "Dasa.Api.Test\Dasa.Api.Test.csproj", "{00EC8771-C5CA-42F0-99DA-09D4E0DCEF27}"
EndProject
Project("{FAE04EC0-301F-11D3-BF4B-00C04F79EFBC}") = "Dasa.Catalogo.Test", "Dasa.Catalogo.Test\Dasa.Catalogo.Test.csproj", "{B04AFB7E-7676-419A-94BB-3624E23311BF}"
EndProject
Project("{FAE04EC0-301F-11D3-BF4B-00C04F79EFBC}") = "Dasa.WebScrap.Test", "Dasa.WebScrap.Test\Dasa.WebScrap.Test.csproj", "{66C9D3C1-697A-430B-A162-A28A5E2702A8}"
EndProject
Global
	GlobalSection(SolutionConfigurationPlatforms) = preSolution
		Debug|Any CPU = Debug|Any CPU
		Debug|x64 = Debug|x64
		Debug|x86 = Debug|x86
		Release|Any CPU = Release|Any CPU
		Release|x64 = Release|x64
		Release|x86 = Release|x86
	EndGlobalSection
	GlobalSection(SolutionProperties) = preSolution
		HideSolutionNode = FALSE
	EndGlobalSection
	GlobalSection(ProjectConfigurationPlatforms) = postSolution
		{00EC8771-C5CA-42F0-99DA-09D4E0DCEF27}.Debug|Any CPU.ActiveCfg = Debug|Any CPU
		{00EC8771-C5CA-42F0-99DA-09D4E0DCEF27}.Debug|Any CPU.Build.0 = Debug|Any CPU
		{00EC8771-C5CA-42F0-99DA-09D4E0DCEF27}.Debug|x64.ActiveCfg = Debug|Any CPU
		{00EC8771-C5CA-42F0-99DA-09D4E0DCEF27}.Debug|x64.Build.0 = Debug|Any CPU
		{00EC8771-C5CA-42F0-99DA-09D4E0DCEF27}.Debug|x86.ActiveCfg = Debug|Any CPU
		{00EC8771-C5CA-42F0-99DA-09D4E0DCEF27}.Debug|x86.Build.0 = Debug|Any CPU
		{00EC8771-C5CA-42F0-99DA-09D4E0DCEF27}.Release|Any CPU.ActiveCfg = Release|Any CPU
		{00EC8771-C5CA-42F0-99DA-09D4E0DCEF27}.Release|Any CPU.Build.0 = Release|Any CPU
		{00EC8771-C5CA-42F0-99DA-09D4E0DCEF27}.Release|x64.ActiveCfg = Release|Any CPU
		{00EC8771-C5CA-42F0-99DA-09D4E0DCEF27}.Release|x64.Build.0 = Release|Any CPU
		{00EC8771-C5CA-42F0-99DA-09D4E0DCEF27}.Release|x86.ActiveCfg = Release|Any CPU
		{00EC8771-C5CA-42F0-99DA-09D4E0DCEF27}.Release|x86.Build.0 = Release|Any CPU
		{B04AFB7E-7676-419A-94BB-3624E23311BF}.Debug|Any CPU.ActiveCfg = Debug|Any CPU
		{B04AFB7E-7676-419A-94BB-3624E23311BF}.Debug|Any CPU.Build.0 = Debug|Any CPU
		{B04AFB7E-7676-419A-94BB-3624E23311BF}.Debug|x64.ActiveCfg = Debug|Any CPU
		{B04AFB7E-7676-419A-94BB-3624E23311BF}.Debug|x64.Build.0 = Debug|Any CPU
		{B04AFB7E-7676-419A-94BB-3624E23311BF}.Debug|x86.ActiveCfg = Debug|Any CPU
		{B04AFB7E-7676-419A-94BB-3624E23311BF}.Debug|x86.Build.0 = Debug|Any CPU
		{B04AFB7E-7676-419A-94BB-3624E23311BF}.Release|Any CPU.ActiveCfg = Release|Any CPU
		{B04AFB7E-7676-419A-94BB-3624E23311BF}.Release|Any CPU.Build.0 = Release|Any CPU
		{B04AFB7E-7676-419A-94BB-3624E23311BF}.Release|x64.ActiveCfg = Release|Any CPU
		{B04AFB7E-7676-419A-94BB-3624E23311BF}.Release|x64.Build.0 = Release|Any CPU
		{B04AFB7E-7676-419A-94BB-3624E23311BF}.Release|x86.ActiveCfg = Release|Any CPU
		{B04AFB7E-7676-419A-94BB-3624E23311BF}.Release|x86.Build.0 = Release|Any CPU
		{66C9D3C1-697A-430B-A162-A28A5E2702A8}.Debug|Any CPU.ActiveCfg = Debug|Any CPU
		{66C9D3C1-697A-430B-A162-A28A5E2702A8}.Debug|Any CPU.Build.0 = Debug|Any CPU
		{66C9D3C1-697A-430B-A162-A28A5E2702A8}.Debug|x64.ActiveCfg = Debug|Any CPU
		{66C9D3C1-697A-430B-A162-A28A5E2702A8}.Debug|x64.Build.0 = Debug|Any CPU
		{66C9D3C1-697A-430B-A162-A28A5E2702A8}.Debug|x86.ActiveCfg = Debug|Any CPU
		{66C9D3C1-697A-430B-A162-A28A5E2702A8}.Debug|x86.Build.0 = Debug|Any CPU
		{66C9D3C1-697A-430B-A162-A28A5E2702A8}.Release|Any CPU.ActiveCfg = Release|Any CPU
		{66C9D3C1-697A-430B-A162-A28A5E2702A8}.Release|Any CPU.Build.0 = Release|Any CPU
		{66C9D3C1-697A-430B-A162-A28A5E2702A8}.Release|x64.ActiveCfg = Release|Any CPU
		{66C9D3C1-697A-430B-A162-A28A5E2702A8}.Release|x64.Build.0 = Release|Any CPU
		{66C9D3C1-697A-430B-A162-A28A5E2702A8}.Release|x86.ActiveCfg = Release|Any CPU
		{66C9D3C1-697A-430B-A162-A28A5E2702A8}.Release|x86.Build.0 = Release|Any CPU
	EndGlobalSection
EndGlobal
