
Microsoft Visual Studio Solution File, Format Version 12.00
# Visual Studio 15
VisualStudioVersion = 15.0.26124.0
MinimumVisualStudioVersion = 15.0.26124.0
Project("{FAE04EC0-301F-11D3-BF4B-00C04F79EFBC}") = "Api", "Api\Api.csproj", "{423AFC7B-6DE8-4973-9FE7-D3F77C7C5CE6}"
EndProject
Project("{FAE04EC0-301F-11D3-BF4B-00C04F79EFBC}") = "Catalogo", "Catalogo\Catalogo.csproj", "{5D5DCE9E-F4D0-4AAE-A237-E2CCE23F912F}"
EndProject
Project("{FAE04EC0-301F-11D3-BF4B-00C04F79EFBC}") = "CrossCutting.ioc", "CrossCutting.ioc\CrossCutting.ioc.csproj", "{FC950DAA-9862-43FC-820A-C085204E6D6D}"
EndProject
Project("{FAE04EC0-301F-11D3-BF4B-00C04F79EFBC}") = "data", "data\data.csproj", "{3642FD94-162A-4EAA-86AC-651232F0917E}"
EndProject
Project("{FAE04EC0-301F-11D3-BF4B-00C04F79EFBC}") = "webscrap", "webscrap\webscrap.csproj", "{4152B414-01FE-43D9-BCE9-D063E5DDF806}"
EndProject
Global
	GlobalSection(SolutionConfigurationPlatforms) = preSolution
		Debug|Any CPU = Debug|Any CPU
		Debug|x64 = Debug|x64
		Debug|x86 = Debug|x86
		Release|Any CPU = Release|Any CPU
		Release|x64 = Release|x64
		Release|x86 = Release|x86
	EndGlobalSection
	GlobalSection(SolutionProperties) = preSolution
		HideSolutionNode = FALSE
	EndGlobalSection
	GlobalSection(ProjectConfigurationPlatforms) = postSolution
		{423AFC7B-6DE8-4973-9FE7-D3F77C7C5CE6}.Debug|Any CPU.ActiveCfg = Debug|Any CPU
		{423AFC7B-6DE8-4973-9FE7-D3F77C7C5CE6}.Debug|Any CPU.Build.0 = Debug|Any CPU
		{423AFC7B-6DE8-4973-9FE7-D3F77C7C5CE6}.Debug|x64.ActiveCfg = Debug|Any CPU
		{423AFC7B-6DE8-4973-9FE7-D3F77C7C5CE6}.Debug|x64.Build.0 = Debug|Any CPU
		{423AFC7B-6DE8-4973-9FE7-D3F77C7C5CE6}.Debug|x86.ActiveCfg = Debug|Any CPU
		{423AFC7B-6DE8-4973-9FE7-D3F77C7C5CE6}.Debug|x86.Build.0 = Debug|Any CPU
		{423AFC7B-6DE8-4973-9FE7-D3F77C7C5CE6}.Release|Any CPU.ActiveCfg = Release|Any CPU
		{423AFC7B-6DE8-4973-9FE7-D3F77C7C5CE6}.Release|Any CPU.Build.0 = Release|Any CPU
		{423AFC7B-6DE8-4973-9FE7-D3F77C7C5CE6}.Release|x64.ActiveCfg = Release|Any CPU
		{423AFC7B-6DE8-4973-9FE7-D3F77C7C5CE6}.Release|x64.Build.0 = Release|Any CPU
		{423AFC7B-6DE8-4973-9FE7-D3F77C7C5CE6}.Release|x86.ActiveCfg = Release|Any CPU
		{423AFC7B-6DE8-4973-9FE7-D3F77C7C5CE6}.Release|x86.Build.0 = Release|Any CPU
		{5D5DCE9E-F4D0-4AAE-A237-E2CCE23F912F}.Debug|Any CPU.ActiveCfg = Debug|Any CPU
		{5D5DCE9E-F4D0-4AAE-A237-E2CCE23F912F}.Debug|Any CPU.Build.0 = Debug|Any CPU
		{5D5DCE9E-F4D0-4AAE-A237-E2CCE23F912F}.Debug|x64.ActiveCfg = Debug|Any CPU
		{5D5DCE9E-F4D0-4AAE-A237-E2CCE23F912F}.Debug|x64.Build.0 = Debug|Any CPU
		{5D5DCE9E-F4D0-4AAE-A237-E2CCE23F912F}.Debug|x86.ActiveCfg = Debug|Any CPU
		{5D5DCE9E-F4D0-4AAE-A237-E2CCE23F912F}.Debug|x86.Build.0 = Debug|Any CPU
		{5D5DCE9E-F4D0-4AAE-A237-E2CCE23F912F}.Release|Any CPU.ActiveCfg = Release|Any CPU
		{5D5DCE9E-F4D0-4AAE-A237-E2CCE23F912F}.Release|Any CPU.Build.0 = Release|Any CPU
		{5D5DCE9E-F4D0-4AAE-A237-E2CCE23F912F}.Release|x64.ActiveCfg = Release|Any CPU
		{5D5DCE9E-F4D0-4AAE-A237-E2CCE23F912F}.Release|x64.Build.0 = Release|Any CPU
		{5D5DCE9E-F4D0-4AAE-A237-E2CCE23F912F}.Release|x86.ActiveCfg = Release|Any CPU
		{5D5DCE9E-F4D0-4AAE-A237-E2CCE23F912F}.Release|x86.Build.0 = Release|Any CPU
		{FC950DAA-9862-43FC-820A-C085204E6D6D}.Debug|Any CPU.ActiveCfg = Debug|Any CPU
		{FC950DAA-9862-43FC-820A-C085204E6D6D}.Debug|Any CPU.Build.0 = Debug|Any CPU
		{FC950DAA-9862-43FC-820A-C085204E6D6D}.Debug|x64.ActiveCfg = Debug|Any CPU
		{FC950DAA-9862-43FC-820A-C085204E6D6D}.Debug|x64.Build.0 = Debug|Any CPU
		{FC950DAA-9862-43FC-820A-C085204E6D6D}.Debug|x86.ActiveCfg = Debug|Any CPU
		{FC950DAA-9862-43FC-820A-C085204E6D6D}.Debug|x86.Build.0 = Debug|Any CPU
		{FC950DAA-9862-43FC-820A-C085204E6D6D}.Release|Any CPU.ActiveCfg = Release|Any CPU
		{FC950DAA-9862-43FC-820A-C085204E6D6D}.Release|Any CPU.Build.0 = Release|Any CPU
		{FC950DAA-9862-43FC-820A-C085204E6D6D}.Release|x64.ActiveCfg = Release|Any CPU
		{FC950DAA-9862-43FC-820A-C085204E6D6D}.Release|x64.Build.0 = Release|Any CPU
		{FC950DAA-9862-43FC-820A-C085204E6D6D}.Release|x86.ActiveCfg = Release|Any CPU
		{FC950DAA-9862-43FC-820A-C085204E6D6D}.Release|x86.Build.0 = Release|Any CPU
		{3642FD94-162A-4EAA-86AC-651232F0917E}.Debug|Any CPU.ActiveCfg = Debug|Any CPU
		{3642FD94-162A-4EAA-86AC-651232F0917E}.Debug|Any CPU.Build.0 = Debug|Any CPU
		{3642FD94-162A-4EAA-86AC-651232F0917E}.Debug|x64.ActiveCfg = Debug|Any CPU
		{3642FD94-162A-4EAA-86AC-651232F0917E}.Debug|x64.Build.0 = Debug|Any CPU
		{3642FD94-162A-4EAA-86AC-651232F0917E}.Debug|x86.ActiveCfg = Debug|Any CPU
		{3642FD94-162A-4EAA-86AC-651232F0917E}.Debug|x86.Build.0 = Debug|Any CPU
		{3642FD94-162A-4EAA-86AC-651232F0917E}.Release|Any CPU.ActiveCfg = Release|Any CPU
		{3642FD94-162A-4EAA-86AC-651232F0917E}.Release|Any CPU.Build.0 = Release|Any CPU
		{3642FD94-162A-4EAA-86AC-651232F0917E}.Release|x64.ActiveCfg = Release|Any CPU
		{3642FD94-162A-4EAA-86AC-651232F0917E}.Release|x64.Build.0 = Release|Any CPU
		{3642FD94-162A-4EAA-86AC-651232F0917E}.Release|x86.ActiveCfg = Release|Any CPU
		{3642FD94-162A-4EAA-86AC-651232F0917E}.Release|x86.Build.0 = Release|Any CPU
		{4152B414-01FE-43D9-BCE9-D063E5DDF806}.Debug|Any CPU.ActiveCfg = Debug|Any CPU
		{4152B414-01FE-43D9-BCE9-D063E5DDF806}.Debug|Any CPU.Build.0 = Debug|Any CPU
		{4152B414-01FE-43D9-BCE9-D063E5DDF806}.Debug|x64.ActiveCfg = Debug|Any CPU
		{4152B414-01FE-43D9-BCE9-D063E5DDF806}.Debug|x64.Build.0 = Debug|Any CPU
		{4152B414-01FE-43D9-BCE9-D063E5DDF806}.Debug|x86.ActiveCfg = Debug|Any CPU
		{4152B414-01FE-43D9-BCE9-D063E5DDF806}.Debug|x86.Build.0 = Debug|Any CPU
		{4152B414-01FE-43D9-BCE9-D063E5DDF806}.Release|Any CPU.ActiveCfg = Release|Any CPU
		{4152B414-01FE-43D9-BCE9-D063E5DDF806}.Release|Any CPU.Build.0 = Release|Any CPU
		{4152B414-01FE-43D9-BCE9-D063E5DDF806}.Release|x64.ActiveCfg = Release|Any CPU
		{4152B414-01FE-43D9-BCE9-D063E5DDF806}.Release|x64.Build.0 = Release|Any CPU
		{4152B414-01FE-43D9-BCE9-D063E5DDF806}.Release|x86.ActiveCfg = Release|Any CPU
		{4152B414-01FE-43D9-BCE9-D063E5DDF806}.Release|x86.Build.0 = Release|Any CPU
	EndGlobalSection
EndGlobal
